github.com/mariusfa/gofl v1.0.3 h1:+oRT3XwXgD+A36Nb6xtT3VDK8KkWbBrtA9wiA5hO4UU=
github.com/mariusfa/gofl v1.0.3/go.mod h1:c7pn4gR+f7mr/Hq6OQBfue1aJv5GHQk19zzrf3cLGys=
github.com/mariusfa/gofl v1.0.4 h1:2NemDIz0DEahjkooz7ZItFrCgl86xuRMuvO146os7D4=
github.com/mariusfa/gofl v1.0.4/go.mod h1:c7pn4gR+f7mr/Hq6OQBfue1aJv5GHQk19zzrf3cLGys=
